{
  "name": "work",
  "lockfileVersion": 3,
  "requires": true,
  "packages": {
    "": {
      "dependencies": {
        "frappe-gantt": "^1.0.3",
        "frappe-gantt-extended": "^0.7.0"
      }
    },
    "node_modules/frappe-gantt": {
      "version": "1.0.3",
      "resolved": "https://registry.npmjs.org/frappe-gantt/-/frappe-gantt-1.0.3.tgz",
      "integrity": "sha512-NkwO2MD4JoWJ82ZruK/rQVIAEpI3nXUoo5gG+wQHV18yKXhzZsTehVfCXJ92DLl/foTtut1RVL0dqj7fo6Cfpg=="
    },
    "node_modules/frappe-gantt-extended": {
      "version": "0.7.0",
      "resolved": "https://registry.npmjs.org/frappe-gantt-extended/-/frappe-gantt-extended-0.7.0.tgz",
      "integrity": "sha512-AdepglxZr5lSbtzHVy7tjSwPactFI1vAUAWkAmVoUFd5fkrDLxcas0MIgRuy3wFY1dE8q37hLKul1zr3YlbVBg=="
    }
  }
}
